
Microsoft Visual Studio Solution File, Format Version 12.00
# Visual Studio 15
VisualStudioVersion = 15.0.28010.2046
MinimumVisualStudioVersion = 10.0.40219.1
Project("{8BC9CEB8-8B4A-11D0-8D11-00A0C91BC942}") = "PIAD", "PIAD\PIAD.vcxproj", "{9958E471-C9D1-4076-A952-B9A25BEB0660}"
EndProject
Project("{8BC9CEB8-8B4A-11D0-8D11-00A0C91BC942}") = "WinCape", "WinCape\WinCape.vcxproj", "{F9B0CA85-7E21-416A-90A7-E94433897B49}"
EndProject
Global
	GlobalSection(SolutionConfigurationPlatforms) = preSolution
		Debug|x64 = Debug|x64
		Release|x64 = Release|x64
	EndGlobalSection
	GlobalSection(ProjectConfigurationPlatforms) = postSolution
		{9958E471-C9D1-4076-A952-B9A25BEB0660}.Debug|x64.ActiveCfg = Debug|x64
		{9958E471-C9D1-4076-A952-B9A25BEB0660}.Debug|x64.Build.0 = Debug|x64
		{9958E471-C9D1-4076-A952-B9A25BEB0660}.Release|x64.ActiveCfg = Release|x64
		{9958E471-C9D1-4076-A952-B9A25BEB0660}.Release|x64.Build.0 = Release|x64
		{F9B0CA85-7E21-416A-90A7-E94433897B49}.Debug|x64.ActiveCfg = Debug|x64
		{F9B0CA85-7E21-416A-90A7-E94433897B49}.Debug|x64.Build.0 = Debug|x64
		{F9B0CA85-7E21-416A-90A7-E94433897B49}.Release|x64.ActiveCfg = Release|x64
		{F9B0CA85-7E21-416A-90A7-E94433897B49}.Release|x64.Build.0 = Release|x64
	EndGlobalSection
	GlobalSection(SolutionProperties) = preSolution
		HideSolutionNode = FALSE
	EndGlobalSection
	GlobalSection(ExtensibilityGlobals) = postSolution
		SolutionGuid = {663F6BD5-02E6-46B1-8305-77D0409631B4}
	EndGlobalSection
EndGlobal
